// !$*UTF8*$!
{
	archiveVersion = 1;
	classes = {
	};
	objectVersion = 50;
	objects = {

/* Begin PBXBuildFile section */
		0F01AFA4236C9C1700AE616C /* BoxCelula.swift in Sources */ = {isa = PBXBuildFile; fileRef = 0F01AFA3236C9C1700AE616C /* BoxCelula.swift */; };
		0F6C9A79236B5053006C666A /* AppDelegate.swift in Sources */ = {isa = PBXBuildFile; fileRef = 0F6C9A78236B5053006C666A /* AppDelegate.swift */; };
		0F6C9A7B236B5053006C666A /* art.scnassets in Resources */ = {isa = PBXBuildFile; fileRef = 0F6C9A7A236B5053006C666A /* art.scnassets */; };
		0F6C9A7D236B5053006C666A /* GameViewController.swift in Sources */ = {isa = PBXBuildFile; fileRef = 0F6C9A7C236B5053006C666A /* GameViewController.swift */; };
		0F6C9A80236B5053006C666A /* Main.storyboard in Resources */ = {isa = PBXBuildFile; fileRef = 0F6C9A7E236B5053006C666A /* Main.storyboard */; };
		0F6C9A82236B5055006C666A /* Assets.xcassets in Resources */ = {isa = PBXBuildFile; fileRef = 0F6C9A81236B5055006C666A /* Assets.xcassets */; };
		0F6C9A85236B5055006C666A /* LaunchScreen.storyboard in Resources */ = {isa = PBXBuildFile; fileRef = 0F6C9A83236B5055006C666A /* LaunchScreen.storyboard */; };
		0F6C9A8F236B5F34006C666A /* GameScene.swift in Sources */ = {isa = PBXBuildFile; fileRef = 0F6C9A8E236B5F34006C666A /* GameScene.swift */; };
/* End PBXBuildFile section */

/* Begin PBXFileReference section */
		0F01AFA3236C9C1700AE616C /* BoxCelula.swift */ = {isa = PBXFileReference; lastKnownFileType = sourcecode.swift; path = BoxCelula.swift; sourceTree = "<group>"; };
		0F6C9A75236B5053006C666A /* conwayGame.app */ = {isa = PBXFileReference; explicitFileType = wrapper.application; includeInIndex = 0; path = conwayGame.app; sourceTree = BUILT_PRODUCTS_DIR; };
		0F6C9A78236B5053006C666A /* AppDelegate.swift */ = {isa = PBXFileReference; lastKnownFileType = sourcecode.swift; path = AppDelegate.swift; sourceTree = "<group>"; };
		0F6C9A7A236B5053006C666A /* art.scnassets */ = {isa = PBXFileReference; lastKnownFileType = wrapper.scnassets; path = art.scnassets; sourceTree = "<group>"; };
		0F6C9A7C236B5053006C666A /* GameViewController.swift */ = {isa = PBXFileReference; lastKnownFileType = sourcecode.swift; path = GameViewController.swift; sourceTree = "<group>"; };
		0F6C9A7F236B5053006C666A /* Base */ = {isa = PBXFileReference; lastKnownFileType = file.storyboard; name = Base; path = Base.lproj/Main.storyboard; sourceTree = "<group>"; };
		0F6C9A81236B5055006C666A /* Assets.xcassets */ = {isa = PBXFileReference; lastKnownFileType = folder.assetcatalog; path = Assets.xcassets; sourceTree = "<group>"; };
		0F6C9A84236B5055006C666A /* Base */ = {isa = PBXFileReference; lastKnownFileType = file.storyboard; name = Base; path = Base.lproj/LaunchScreen.storyboard; sourceTree = "<group>"; };
		0F6C9A86236B5055006C666A /* Info.plist */ = {isa = PBXFileReference; lastKnownFileType = text.plist.xml; path = Info.plist; sourceTree = "<group>"; };
		0F6C9A8E236B5F34006C666A /* GameScene.swift */ = {isa = PBXFileReference; lastKnownFileType = sourcecode.swift; path = GameScene.swift; sourceTree = "<group>"; };
/* End PBXFileReference section */

/* Begin PBXFrameworksBuildPhase section */
		0F6C9A72236B5053006C666A /* Frameworks */ = {
			isa = PBXFrameworksBuildPhase;
			buildActionMask = 2147483647;
			files = (
			);
			runOnlyForDeploymentPostprocessing = 0;
		};
/* End PBXFrameworksBuildPhase section */

/* Begin PBXGroup section */
		0F6C9A6C236B5053006C666A = {
			isa = PBXGroup;
			children = (
				0F6C9A77236B5053006C666A /* conwayGame */,
				0F6C9A76236B5053006C666A /* Products */,
			);
			sourceTree = "<group>";
		};
		0F6C9A76236B5053006C666A /* Products */ = {
			isa = PBXGroup;
			children = (
				0F6C9A75236B5053006C666A /* conwayGame.app */,
			);
			name = Products;
			sourceTree = "<group>";
		};
		0F6C9A77236B5053006C666A /* conwayGame */ = {
			isa = PBXGroup;
			children = (
				0F6C9A78236B5053006C666A /* AppDelegate.swift */,
				0F6C9A7A236B5053006C666A /* art.scnassets */,
				0F6C9A7E236B5053006C666A /* Main.storyboard */,
				0F6C9A81236B5055006C666A /* Assets.xcassets */,
				0F6C9A83236B5055006C666A /* LaunchScreen.storyboard */,
				0F6C9A86236B5055006C666A /* Info.plist */,
				0F6C9A7C236B5053006C666A /* GameViewController.swift */,
				0F6C9A8E236B5F34006C666A /* GameScene.swift */,
				0F01AFA3236C9C1700AE616C /* BoxCelula.swift */,
			);
			path = conwayGame;
			sourceTree = "<group>";
		};
/* End PBXGroup section */

/* Begin PBXNativeTarget section */
		0F6C9A74236B5053006C666A /* conwayGame */ = {
			isa = PBXNativeTarget;
			buildConfigurationList = 0F6C9A89236B5055006C666A /* Build configuration list for PBXNativeTarget "conwayGame" */;
			buildPhases = (
				0F6C9A71236B5053006C666A /* Sources */,
				0F6C9A72236B5053006C666A /* Frameworks */,
				0F6C9A73236B5053006C666A /* Resources */,
			);
			buildRules = (
			);
			dependencies = (
			);
			name = conwayGame;
			productName = conwayGame;
			productReference = 0F6C9A75236B5053006C666A /* conwayGame.app */;
			productType = "com.apple.product-type.application";
		};
/* End PBXNativeTarget section */

/* Begin PBXProject section */
		0F6C9A6D236B5053006C666A /* Project object */ = {
			isa = PBXProject;
			attributes = {
				LastSwiftUpdateCheck = 1110;
				LastUpgradeCheck = 1110;
				ORGANIZATIONNAME = "Juliana Vigato Pavan";
				TargetAttributes = {
					0F6C9A74236B5053006C666A = {
						CreatedOnToolsVersion = 11.1;
					};
				};
			};
			buildConfigurationList = 0F6C9A70236B5053006C666A /* Build configuration list for PBXProject "conwayGame" */;
			compatibilityVersion = "Xcode 9.3";
			developmentRegion = en;
			hasScannedForEncodings = 0;
			knownRegions = (
				en,
				Base,
			);
			mainGroup = 0F6C9A6C236B5053006C666A;
			productRefGroup = 0F6C9A76236B5053006C666A /* Products */;
			projectDirPath = "";
			projectRoot = "";
			targets = (
				0F6C9A74236B5053006C666A /* conwayGame */,
			);
		};
/* End PBXProject section */

/* Begin PBXResourcesBuildPhase section */
		0F6C9A73236B5053006C666A /* Resources */ = {
			isa = PBXResourcesBuildPhase;
			buildActionMask = 2147483647;
			files = (
				0F6C9A7B236B5053006C666A /* art.scnassets in Resources */,
				0F6C9A85236B5055006C666A /* LaunchScreen.storyboard in Resources */,
				0F6C9A82236B5055006C666A /* Assets.xcassets in Resources */,
				0F6C9A80236B5053006C666A /* Main.storyboard in Resources */,
			);
			runOnlyForDeploymentPostprocessing = 0;
		};
/* End PBXResourcesBuildPhase section */

/* Begin PBXSourcesBuildPhase section */
		0F6C9A71236B5053006C666A /* Sources */ = {
			isa = PBXSourcesBuildPhase;
			buildActionMask = 2147483647;
			files = (
				0F6C9A8F236B5F34006C666A /* GameScene.swift in Sources */,
				0F01AFA4236C9C1700AE616C /* BoxCelula.swift in Sources */,
				0F6C9A7D236B5053006C666A /* GameViewController.swift in Sources */,
				0F6C9A79236B5053006C666A /* AppDelegate.swift in Sources */,
			);
			runOnlyForDeploymentPostprocessing = 0;
		};
/* End PBXSourcesBuildPhase section */

/* Begin PBXVariantGroup section */
		0F6C9A7E236B5053006C666A /* Main.storyboard */ = {
			isa = PBXVariantGroup;
			children = (
				0F6C9A7F236B5053006C666A /* Base */,
			);
			name = Main.storyboard;
			sourceTree = "<group>";
		};
		0F6C9A83236B5055006C666A /* LaunchScreen.storyboard */ = {
			isa = PBXVariantGroup;
			children = (
				0F6C9A84236B5055006C666A /* Base */,
			);
			name = LaunchScreen.storyboard;
			sourceTree = "<group>";
		};
/* End PBXVariantGroup section */

/* Begin XCBuildConfiguration section */
		0F6C9A87236B5055006C666A /* Debug */ = {
			isa = XCBuildConfiguration;
			buildSettings = {
				ALWAYS_SEARCH_USER_PATHS = NO;
				CLANG_ANALYZER_NONNULL = YES;
				CLANG_ANALYZER_NUMBER_OBJECT_CONVERSION = YES_AGGRESSIVE;
				CLANG_CXX_LANGUAGE_STANDARD = "gnu++14";
				CLANG_CXX_LIBRARY = "libc++";
				CLANG_ENABLE_MODULES = YES;
				CLANG_ENABLE_OBJC_ARC = YES;
				CLANG_ENABLE_OBJC_WEAK = YES;
				CLANG_WARN_BLOCK_CAPTURE_AUTORELEASING = YES;
				CLANG_WARN_BOOL_CONVERSION = YES;
				CLANG_WARN_COMMA = YES;
				CLANG_WARN_CONSTANT_CONVERSION = YES;
				CLANG_WARN_DEPRECATED_OBJC_IMPLEMENTATIONS = YES;
				CLANG_WARN_DIRECT_OBJC_ISA_USAGE = YES_ERROR;
				CLANG_WARN_DOCUMENTATION_COMMENTS = YES;
				CLANG_WARN_EMPTY_BODY = YES;
				CLANG_WARN_ENUM_CONVERSION = YES;
				CLANG_WARN_INFINITE_RECURSION = YES;
				CLANG_WARN_INT_CONVERSION = YES;
				CLANG_WARN_NON_LITERAL_NULL_CONVERSION = YES;
				CLANG_WARN_OBJC_IMPLICIT_RETAIN_SELF = YES;
				CLANG_WARN_OBJC_LITERAL_CONVERSION = YES;
				CLANG_WARN_OBJC_ROOT_CLASS = YES_ERROR;
				CLANG_WARN_RANGE_LOOP_ANALYSIS = YES;
				CLANG_WARN_STRICT_PROTOTYPES = YES;
				CLANG_WARN_SUSPICIOUS_MOVE = YES;
				CLANG_WARN_UNGUARDED_AVAILABILITY = YES_AGGRESSIVE;
				CLANG_WARN_UNREACHABLE_CODE = YES;
				CLANG_WARN__DUPLICATE_METHOD_MATCH = YES;
				COPY_PHASE_STRIP = NO;
				DEBUG_INFORMATION_FORMAT = dwarf;
				ENABLE_STRICT_OBJC_MSGSEND = YES;
				ENABLE_TESTABILITY = YES;
				GCC_C_LANGUAGE_STANDARD = gnu11;
				GCC_DYNAMIC_NO_PIC = NO;
				GCC_NO_COMMON_BLOCKS = YES;
				GCC_OPTIMIZATION_LEVEL = 0;
				GCC_PREPROCESSOR_DEFINITIONS = (
					"DEBUG=1",
					"$(inherited)",
				);
				GCC_WARN_64_TO_32_BIT_CONVERSION = YES;
				GCC_WARN_ABOUT_RETURN_TYPE = YES_ERROR;
				GCC_WARN_UNDECLARED_SELECTOR = YES;
				GCC_WARN_UNINITIALIZED_AUTOS = YES_AGGRESSIVE;
				GCC_WARN_UNUSED_FUNCTION = YES;
				GCC_WARN_UNUSED_VARIABLE = YES;
				IPHONEOS_DEPLOYMENT_TARGET = 13.1;
				MTL_ENABLE_DEBUG_INFO = INCLUDE_SOURCE;
				MTL_FAST_MATH = YES;
				ONLY_ACTIVE_ARCH = YES;
				SDKROOT = iphoneos;
				SWIFT_ACTIVE_COMPILATION_CONDITIONS = DEBUG;
				SWIFT_OPTIMIZATION_LEVEL = "-Onone";
			};
			name = Debug;
		};
		0F6C9A88236B5055006C666A /* Release */ = {
			isa = XCBuildConfiguration;
			buildSettings = {
				ALWAYS_SEARCH_USER_PATHS = NO;
				CLANG_ANALYZER_NONNULL = YES;
				CLANG_ANALYZER_NUMBER_OBJECT_CONVERSION = YES_AGGRESSIVE;
				CLANG_CXX_LANGUAGE_STANDARD = "gnu++14";
				CLANG_CXX_LIBRARY = "libc++";
				CLANG_ENABLE_MODULES = YES;
				CLANG_ENABLE_OBJC_ARC = YES;
				CLANG_ENABLE_OBJC_WEAK = YES;
				CLANG_WARN_BLOCK_CAPTURE_AUTORELEASING = YES;
				CLANG_WARN_BOOL_CONVERSION = YES;
				CLANG_WARN_COMMA = YES;
				CLANG_WARN_CONSTANT_CONVERSION = YES;
				CLANG_WARN_DEPRECATED_OBJC_IMPLEMENTATIONS = YES;
				CLANG_WARN_DIRECT_OBJC_ISA_USAGE = YES_ERROR;
				CLANG_WARN_DOCUMENTATION_COMMENTS = YES;
				CLANG_WARN_EMPTY_BODY = YES;
				CLANG_WARN_ENUM_CONVERSION = YES;
				CLANG_WARN_INFINITE_RECURSION = YES;
				CLANG_WARN_INT_CONVERSION = YES;
				CLANG_WARN_NON_LITERAL_NULL_CONVERSION = YES;
				CLANG_WARN_OBJC_IMPLICIT_RETAIN_SELF = YES;
				CLANG_WARN_OBJC_LITERAL_CONVERSION = YES;
				CLANG_WARN_OBJC_ROOT_CLASS = YES_ERROR;
				CLANG_WARN_RANGE_LOOP_ANALYSIS = YES;
				CLANG_WARN_STRICT_PROTOTYPES = YES;
				CLANG_WARN_SUSPICIOUS_MOVE = YES;
				CLANG_WARN_UNGUARDED_AVAILABILITY = YES_AGGRESSIVE;
				CLANG_WARN_UNREACHABLE_CODE = YES;
				CLANG_WARN__DUPLICATE_METHOD_MATCH = YES;
				COPY_PHASE_STRIP = NO;
				DEBUG_INFORMATION_FORMAT = "dwarf-with-dsym";
				ENABLE_NS_ASSERTIONS = NO;
				ENABLE_STRICT_OBJC_MSGSEND = YES;
				GCC_C_LANGUAGE_STANDARD = gnu11;
				GCC_NO_COMMON_BLOCKS = YES;
				GCC_WARN_64_TO_32_BIT_CONVERSION = YES;
				GCC_WARN_ABOUT_RETURN_TYPE = YES_ERROR;
				GCC_WARN_UNDECLARED_SELECTOR = YES;
				GCC_WARN_UNINITIALIZED_AUTOS = YES_AGGRESSIVE;
				GCC_WARN_UNUSED_FUNCTION = YES;
				GCC_WARN_UNUSED_VARIABLE = YES;
				IPHONEOS_DEPLOYMENT_TARGET = 13.1;
				MTL_ENABLE_DEBUG_INFO = NO;
				MTL_FAST_MATH = YES;
				SDKROOT = iphoneos;
				SWIFT_COMPILATION_MODE = wholemodule;
				SWIFT_OPTIMIZATION_LEVEL = "-O";
				VALIDATE_PRODUCT = YES;
			};
			name = Release;
		};
		0F6C9A8A236B5055006C666A /* Debug */ = {
			isa = XCBuildConfiguration;
			buildSettings = {
				ASSETCATALOG_COMPILER_APPICON_NAME = AppIcon;
				CODE_SIGN_STYLE = Automatic;
				DEVELOPMENT_TEAM = BSH4XC9RT9;
				INFOPLIST_FILE = conwayGame/Info.plist;
				LD_RUNPATH_SEARCH_PATHS = (
					"$(inherited)",
					"@executable_path/Frameworks",
				);
				PRODUCT_BUNDLE_IDENTIFIER = com.vigato.conwayGame;
				PRODUCT_NAME = "$(TARGET_NAME)";
				SWIFT_VERSION = 5.0;
				TARGETED_DEVICE_FAMILY = "1,2";
			};
			name = Debug;
		};
		0F6C9A8B236B5055006C666A /* Release */ = {
			isa = XCBuildConfiguration;
			buildSettings = {
				ASSETCATALOG_COMPILER_APPICON_NAME = AppIcon;
				CODE_SIGN_STYLE = Automatic;
				DEVELOPMENT_TEAM = BSH4XC9RT9;
				INFOPLIST_FILE = conwayGame/Info.plist;
				LD_RUNPATH_SEARCH_PATHS = (
					"$(inherited)",
					"@executable_path/Frameworks",
				);
				PRODUCT_BUNDLE_IDENTIFIER = com.vigato.conwayGame;
				PRODUCT_NAME = "$(TARGET_NAME)";
				SWIFT_VERSION = 5.0;
				TARGETED_DEVICE_FAMILY = "1,2";
			};
			name = Release;
		};
/* End XCBuildConfiguration section */

/* Begin XCConfigurationList section */
		0F6C9A70236B5053006C666A /* Build configuration list for PBXProject "conwayGame" */ = {
			isa = XCConfigurationList;
			buildConfigurations = (
				0F6C9A87236B5055006C666A /* Debug */,
				0F6C9A88236B5055006C666A /* Release */,
			);
			defaultConfigurationIsVisible = 0;
			defaultConfigurationName = Release;
		};
		0F6C9A89236B5055006C666A /* Build configuration list for PBXNativeTarget "conwayGame" */ = {
			isa = XCConfigurationList;
			buildConfigurations = (
				0F6C9A8A236B5055006C666A /* Debug */,
				0F6C9A8B236B5055006C666A /* Release */,
			);
			defaultConfigurationIsVisible = 0;
			defaultConfigurationName = Release;
		};
/* End XCConfigurationList section */
	};
	rootObject = 0F6C9A6D236B5053006C666A /* Project object */;
}
